
Microsoft Visual Studio Solution File, Format Version 12.00
# Visual Studio 2012
Project("{D954291E-2A0B-460D-934E-DC6B0785DB48}") = "vs_express_01", "vs_express_01\vs_express_01.shproj", "{EDEDCDF1-9147-469B-9A45-13B20F59B0AA}"
EndProject
Project("{2150E333-8FDC-42A3-9474-1A3956D46DE8}") = "sfdaf", "sfdaf", "{97B67D1A-E02F-461D-9EAE-7D25D4F96023}"
EndProject
Global
	GlobalSection(SolutionConfigurationPlatforms) = preSolution
	EndGlobalSection
	GlobalSection(ProjectConfigurationPlatforms) = postSolution
	EndGlobalSection
EndGlobal
